Microsoft Visual Studio Solution File, Format Version 12.00
# Visual Studio Version 17
VisualStudioVersion = 17.5.2.0
MinimumVisualStudioVersion = 10.0.40219.1
Project("{FAE04EC0-301F-11D3-BF4B-00C04F79EFBC}") = "8_Review", "8_Review.csproj", "{94016043-18BB-0DBE-9403-8E7DD0B6C5D1}"
EndProject
Global
	GlobalSection(SolutionConfigurationPlatforms) = preSolution
		Debug|Any CPU = Debug|Any CPU
		Release|Any CPU = Release|Any CPU
	EndGlobalSection
	GlobalSection(ProjectConfigurationPlatforms) = postSolution
		{94016043-18BB-0DBE-9403-8E7DD0B6C5D1}.Debug|Any CPU.ActiveCfg = Debug|Any CPU
		{94016043-18BB-0DBE-9403-8E7DD0B6C5D1}.Debug|Any CPU.Build.0 = Debug|Any CPU
		{94016043-18BB-0DBE-9403-8E7DD0B6C5D1}.Release|Any CPU.ActiveCfg = Release|Any CPU
		{94016043-18BB-0DBE-9403-8E7DD0B6C5D1}.Release|Any CPU.Build.0 = Release|Any CPU
	EndGlobalSection
	GlobalSection(SolutionProperties) = preSolution
		HideSolutionNode = FALSE
	EndGlobalSection
	GlobalSection(ExtensibilityGlobals) = postSolution
		SolutionGuid = {0D8BD322-99DA-487C-AD56-36ED572690A0}
	EndGlobalSection
EndGlobal
