Microsoft Visual Studio Solution File, Format Version 12.00
# Visual Studio Version 17
VisualStudioVersion = 17.5.2.0
MinimumVisualStudioVersion = 10.0.40219.1
Project("{FAE04EC0-301F-11D3-BF4B-00C04F79EFBC}") = "2_Calling_Methods", "2_Calling_Methods.csproj", "{FE8C3E9D-7DED-77F1-B8CE-74CC21AC06D7}"
EndProject
Global
	GlobalSection(SolutionConfigurationPlatforms) = preSolution
		Debug|Any CPU = Debug|Any CPU
		Release|Any CPU = Release|Any CPU
	EndGlobalSection
	GlobalSection(ProjectConfigurationPlatforms) = postSolution
		{FE8C3E9D-7DED-77F1-B8CE-74CC21AC06D7}.Debug|Any CPU.ActiveCfg = Debug|Any CPU
		{FE8C3E9D-7DED-77F1-B8CE-74CC21AC06D7}.Debug|Any CPU.Build.0 = Debug|Any CPU
		{FE8C3E9D-7DED-77F1-B8CE-74CC21AC06D7}.Release|Any CPU.ActiveCfg = Release|Any CPU
		{FE8C3E9D-7DED-77F1-B8CE-74CC21AC06D7}.Release|Any CPU.Build.0 = Release|Any CPU
	EndGlobalSection
	GlobalSection(SolutionProperties) = preSolution
		HideSolutionNode = FALSE
	EndGlobalSection
	GlobalSection(ExtensibilityGlobals) = postSolution
		SolutionGuid = {52EC2694-F5A3-4D4F-AF51-9812E131BDF9}
	EndGlobalSection
EndGlobal
