Microsoft Visual Studio Solution File, Format Version 12.00
# Visual Studio Version 17
VisualStudioVersion = 17.5.2.0
MinimumVisualStudioVersion = 10.0.40219.1
Project("{FAE04EC0-301F-11D3-BF4B-00C04F79EFBC}") = "02_Superclass_And_Subclass", "02_Superclass_And_Subclass.csproj", "{9909DA6F-97CB-CE96-E650-CAD5228A667E}"
EndProject
Global
	GlobalSection(SolutionConfigurationPlatforms) = preSolution
		Debug|Any CPU = Debug|Any CPU
		Release|Any CPU = Release|Any CPU
	EndGlobalSection
	GlobalSection(ProjectConfigurationPlatforms) = postSolution
		{9909DA6F-97CB-CE96-E650-CAD5228A667E}.Debug|Any CPU.ActiveCfg = Debug|Any CPU
		{9909DA6F-97CB-CE96-E650-CAD5228A667E}.Debug|Any CPU.Build.0 = Debug|Any CPU
		{9909DA6F-97CB-CE96-E650-CAD5228A667E}.Release|Any CPU.ActiveCfg = Release|Any CPU
		{9909DA6F-97CB-CE96-E650-CAD5228A667E}.Release|Any CPU.Build.0 = Release|Any CPU
	EndGlobalSection
	GlobalSection(SolutionProperties) = preSolution
		HideSolutionNode = FALSE
	EndGlobalSection
	GlobalSection(ExtensibilityGlobals) = postSolution
		SolutionGuid = {1ACF4C20-5414-411B-8537-FF924E0D90BA}
	EndGlobalSection
EndGlobal
