Microsoft Visual Studio Solution File, Format Version 12.00
# Visual Studio Version 17
VisualStudioVersion = 17.5.2.0
MinimumVisualStudioVersion = 10.0.40219.1
Project("{FAE04EC0-301F-11D3-BF4B-00C04F79EFBC}") = "7_Project_Money_Maker", "7_Project_Money_Maker.csproj", "{0D42373B-598D-8B15-E436-6E14166A397F}"
EndProject
Global
	GlobalSection(SolutionConfigurationPlatforms) = preSolution
		Debug|Any CPU = Debug|Any CPU
		Release|Any CPU = Release|Any CPU
	EndGlobalSection
	GlobalSection(ProjectConfigurationPlatforms) = postSolution
		{0D42373B-598D-8B15-E436-6E14166A397F}.Debug|Any CPU.ActiveCfg = Debug|Any CPU
		{0D42373B-598D-8B15-E436-6E14166A397F}.Debug|Any CPU.Build.0 = Debug|Any CPU
		{0D42373B-598D-8B15-E436-6E14166A397F}.Release|Any CPU.ActiveCfg = Release|Any CPU
		{0D42373B-598D-8B15-E436-6E14166A397F}.Release|Any CPU.Build.0 = Release|Any CPU
	EndGlobalSection
	GlobalSection(SolutionProperties) = preSolution
		HideSolutionNode = FALSE
	EndGlobalSection
	GlobalSection(ExtensibilityGlobals) = postSolution
		SolutionGuid = {2E629E64-8270-403A-AA2D-08BB16E8711E}
	EndGlobalSection
EndGlobal
