Microsoft Visual Studio Solution File, Format Version 12.00
# Visual Studio Version 17
VisualStudioVersion = 17.5.2.0
MinimumVisualStudioVersion = 10.0.40219.1
Project("{FAE04EC0-301F-11D3-BF4B-00C04F79EFBC}") = "3_Strings_Can_Be_Null_Empty_Or_Unassigned", "3_Strings_Can_Be_Null_Empty_Or_Unassigned.csproj", "{36BE4DB0-5733-5D0B-0C00-0471615089FB}"
EndProject
Global
	GlobalSection(SolutionConfigurationPlatforms) = preSolution
		Debug|Any CPU = Debug|Any CPU
		Release|Any CPU = Release|Any CPU
	EndGlobalSection
	GlobalSection(ProjectConfigurationPlatforms) = postSolution
		{36BE4DB0-5733-5D0B-0C00-0471615089FB}.Debug|Any CPU.ActiveCfg = Debug|Any CPU
		{36BE4DB0-5733-5D0B-0C00-0471615089FB}.Debug|Any CPU.Build.0 = Debug|Any CPU
		{36BE4DB0-5733-5D0B-0C00-0471615089FB}.Release|Any CPU.ActiveCfg = Release|Any CPU
		{36BE4DB0-5733-5D0B-0C00-0471615089FB}.Release|Any CPU.Build.0 = Release|Any CPU
	EndGlobalSection
	GlobalSection(SolutionProperties) = preSolution
		HideSolutionNode = FALSE
	EndGlobalSection
	GlobalSection(ExtensibilityGlobals) = postSolution
		SolutionGuid = {5C9BEC19-B6B6-4512-B39D-83EDD5E59C16}
	EndGlobalSection
EndGlobal
