Microsoft Visual Studio Solution File, Format Version 12.00
# Visual Studio Version 17
VisualStudioVersion = 17.5.2.0
MinimumVisualStudioVersion = 10.0.40219.1
Project("{FAE04EC0-301F-11D3-BF4B-00C04F79EFBC}") = "10_LINQ_With_Other_Collections", "10_LINQ_With_Other_Collections.csproj", "{AE69ACD7-79D5-CDA1-859A-56138BFD3938}"
EndProject
Global
	GlobalSection(SolutionConfigurationPlatforms) = preSolution
		Debug|Any CPU = Debug|Any CPU
		Release|Any CPU = Release|Any CPU
	EndGlobalSection
	GlobalSection(ProjectConfigurationPlatforms) = postSolution
		{AE69ACD7-79D5-CDA1-859A-56138BFD3938}.Debug|Any CPU.ActiveCfg = Debug|Any CPU
		{AE69ACD7-79D5-CDA1-859A-56138BFD3938}.Debug|Any CPU.Build.0 = Debug|Any CPU
		{AE69ACD7-79D5-CDA1-859A-56138BFD3938}.Release|Any CPU.ActiveCfg = Release|Any CPU
		{AE69ACD7-79D5-CDA1-859A-56138BFD3938}.Release|Any CPU.Build.0 = Release|Any CPU
	EndGlobalSection
	GlobalSection(SolutionProperties) = preSolution
		HideSolutionNode = FALSE
	EndGlobalSection
	GlobalSection(ExtensibilityGlobals) = postSolution
		SolutionGuid = {64BA460B-D9C2-4070-AAD9-C143FB3CCBC8}
	EndGlobalSection
EndGlobal
