Microsoft Visual Studio Solution File, Format Version 12.00
# Visual Studio Version 17
VisualStudioVersion = 17.5.2.0
MinimumVisualStudioVersion = 10.0.40219.1
Project("{FAE04EC0-301F-11D3-BF4B-00C04F79EFBC}") = "11_Project_The_Object_Of_Your_Affection", "11_Project_The_Object_Of_Your_Affection.csproj", "{642A4CD1-7287-753D-84A2-E3A38CF05CD9}"
EndProject
Global
	GlobalSection(SolutionConfigurationPlatforms) = preSolution
		Debug|Any CPU = Debug|Any CPU
		Release|Any CPU = Release|Any CPU
	EndGlobalSection
	GlobalSection(ProjectConfigurationPlatforms) = postSolution
		{642A4CD1-7287-753D-84A2-E3A38CF05CD9}.Debug|Any CPU.ActiveCfg = Debug|Any CPU
		{642A4CD1-7287-753D-84A2-E3A38CF05CD9}.Debug|Any CPU.Build.0 = Debug|Any CPU
		{642A4CD1-7287-753D-84A2-E3A38CF05CD9}.Release|Any CPU.ActiveCfg = Release|Any CPU
		{642A4CD1-7287-753D-84A2-E3A38CF05CD9}.Release|Any CPU.Build.0 = Release|Any CPU
	EndGlobalSection
	GlobalSection(SolutionProperties) = preSolution
		HideSolutionNode = FALSE
	EndGlobalSection
	GlobalSection(ExtensibilityGlobals) = postSolution
		SolutionGuid = {FDFEF31C-CE34-4E38-BABF-B92664982C37}
	EndGlobalSection
EndGlobal
