Microsoft Visual Studio Solution File, Format Version 12.00
# Visual Studio Version 17
VisualStudioVersion = 17.5.2.0
MinimumVisualStudioVersion = 10.0.40219.1
Project("{FAE04EC0-301F-11D3-BF4B-00C04F79EFBC}") = "3_Equality_Operators", "3_Equality_Operators.csproj", "{7C9C85A1-DCDE-DF6C-FCC2-25D0E43277EE}"
EndProject
Global
	GlobalSection(SolutionConfigurationPlatforms) = preSolution
		Debug|Any CPU = Debug|Any CPU
		Release|Any CPU = Release|Any CPU
	EndGlobalSection
	GlobalSection(ProjectConfigurationPlatforms) = postSolution
		{7C9C85A1-DCDE-DF6C-FCC2-25D0E43277EE}.Debug|Any CPU.ActiveCfg = Debug|Any CPU
		{7C9C85A1-DCDE-DF6C-FCC2-25D0E43277EE}.Debug|Any CPU.Build.0 = Debug|Any CPU
		{7C9C85A1-DCDE-DF6C-FCC2-25D0E43277EE}.Release|Any CPU.ActiveCfg = Release|Any CPU
		{7C9C85A1-DCDE-DF6C-FCC2-25D0E43277EE}.Release|Any CPU.Build.0 = Release|Any CPU
	EndGlobalSection
	GlobalSection(SolutionProperties) = preSolution
		HideSolutionNode = FALSE
	EndGlobalSection
	GlobalSection(ExtensibilityGlobals) = postSolution
		SolutionGuid = {FC936D95-51AE-4C4A-B073-D66DCCBD89B1}
	EndGlobalSection
EndGlobal
