Microsoft Visual Studio Solution File, Format Version 12.00
# Visual Studio Version 17
VisualStudioVersion = 17.5.2.0
MinimumVisualStudioVersion = 10.0.40219.1
Project("{FAE04EC0-301F-11D3-BF4B-00C04F79EFBC}") = "1_Introduction_To_Object", "1_Introduction_To_Object.csproj", "{EB75CA37-7D42-02E4-DEF2-9B30A384227A}"
EndProject
Global
	GlobalSection(SolutionConfigurationPlatforms) = preSolution
		Debug|Any CPU = Debug|Any CPU
		Release|Any CPU = Release|Any CPU
	EndGlobalSection
	GlobalSection(ProjectConfigurationPlatforms) = postSolution
		{EB75CA37-7D42-02E4-DEF2-9B30A384227A}.Debug|Any CPU.ActiveCfg = Debug|Any CPU
		{EB75CA37-7D42-02E4-DEF2-9B30A384227A}.Debug|Any CPU.Build.0 = Debug|Any CPU
		{EB75CA37-7D42-02E4-DEF2-9B30A384227A}.Release|Any CPU.ActiveCfg = Release|Any CPU
		{EB75CA37-7D42-02E4-DEF2-9B30A384227A}.Release|Any CPU.Build.0 = Release|Any CPU
	EndGlobalSection
	GlobalSection(SolutionProperties) = preSolution
		HideSolutionNode = FALSE
	EndGlobalSection
	GlobalSection(ExtensibilityGlobals) = postSolution
		SolutionGuid = {E0375C05-8A8E-485A-A0D1-3C8FABCA003E}
	EndGlobalSection
EndGlobal
