Microsoft Visual Studio Solution File, Format Version 12.00
# Visual Studio Version 17
VisualStudioVersion = 17.5.2.0
MinimumVisualStudioVersion = 10.0.40219.1
Project("{FAE04EC0-301F-11D3-BF4B-00C04F79EFBC}") = "05_Review", "05_Review.csproj", "{3406A27C-BE71-FCB8-DBAF-BA04AC5BD369}"
EndProject
Global
	GlobalSection(SolutionConfigurationPlatforms) = preSolution
		Debug|Any CPU = Debug|Any CPU
		Release|Any CPU = Release|Any CPU
	EndGlobalSection
	GlobalSection(ProjectConfigurationPlatforms) = postSolution
		{3406A27C-BE71-FCB8-DBAF-BA04AC5BD369}.Debug|Any CPU.ActiveCfg = Debug|Any CPU
		{3406A27C-BE71-FCB8-DBAF-BA04AC5BD369}.Debug|Any CPU.Build.0 = Debug|Any CPU
		{3406A27C-BE71-FCB8-DBAF-BA04AC5BD369}.Release|Any CPU.ActiveCfg = Release|Any CPU
		{3406A27C-BE71-FCB8-DBAF-BA04AC5BD369}.Release|Any CPU.Build.0 = Release|Any CPU
	EndGlobalSection
	GlobalSection(SolutionProperties) = preSolution
		HideSolutionNode = FALSE
	EndGlobalSection
	GlobalSection(ExtensibilityGlobals) = postSolution
		SolutionGuid = {C30E9848-1031-4744-89C7-F1839E503FD6}
	EndGlobalSection
EndGlobal
