Microsoft Visual Studio Solution File, Format Version 12.00
# Visual Studio Version 17
VisualStudioVersion = 17.5.2.0
MinimumVisualStudioVersion = 10.0.40219.1
Project("{FAE04EC0-301F-11D3-BF4B-00C04F79EFBC}") = "02_Importing_LINQ", "02_Importing_LINQ.csproj", "{71910C38-BFF3-75C0-59CC-7C3C9EE5544B}"
EndProject
Global
	GlobalSection(SolutionConfigurationPlatforms) = preSolution
		Debug|Any CPU = Debug|Any CPU
		Release|Any CPU = Release|Any CPU
	EndGlobalSection
	GlobalSection(ProjectConfigurationPlatforms) = postSolution
		{71910C38-BFF3-75C0-59CC-7C3C9EE5544B}.Debug|Any CPU.ActiveCfg = Debug|Any CPU
		{71910C38-BFF3-75C0-59CC-7C3C9EE5544B}.Debug|Any CPU.Build.0 = Debug|Any CPU
		{71910C38-BFF3-75C0-59CC-7C3C9EE5544B}.Release|Any CPU.ActiveCfg = Release|Any CPU
		{71910C38-BFF3-75C0-59CC-7C3C9EE5544B}.Release|Any CPU.Build.0 = Release|Any CPU
	EndGlobalSection
	GlobalSection(SolutionProperties) = preSolution
		HideSolutionNode = FALSE
	EndGlobalSection
	GlobalSection(ExtensibilityGlobals) = postSolution
		SolutionGuid = {EDEF3D9B-7A80-4736-AFD9-31068E7299E9}
	EndGlobalSection
EndGlobal
