Microsoft Visual Studio Solution File, Format Version 12.00
# Visual Studio Version 17
VisualStudioVersion = 17.5.2.0
MinimumVisualStudioVersion = 10.0.40219.1
Project("{FAE04EC0-301F-11D3-BF4B-00C04F79EFBC}") = "Project_Console_Creatures", "Project_Console_Creatures.csproj", "{00792EF4-FECB-2366-500B-BB93151A8619}"
EndProject
Global
	GlobalSection(SolutionConfigurationPlatforms) = preSolution
		Debug|Any CPU = Debug|Any CPU
		Release|Any CPU = Release|Any CPU
	EndGlobalSection
	GlobalSection(ProjectConfigurationPlatforms) = postSolution
		{00792EF4-FECB-2366-500B-BB93151A8619}.Debug|Any CPU.ActiveCfg = Debug|Any CPU
		{00792EF4-FECB-2366-500B-BB93151A8619}.Debug|Any CPU.Build.0 = Debug|Any CPU
		{00792EF4-FECB-2366-500B-BB93151A8619}.Release|Any CPU.ActiveCfg = Release|Any CPU
		{00792EF4-FECB-2366-500B-BB93151A8619}.Release|Any CPU.Build.0 = Release|Any CPU
	EndGlobalSection
	GlobalSection(SolutionProperties) = preSolution
		HideSolutionNode = FALSE
	EndGlobalSection
	GlobalSection(ExtensibilityGlobals) = postSolution
		SolutionGuid = {890188CA-4211-4853-A864-1CD500BD2FB0}
	EndGlobalSection
EndGlobal
