Microsoft Visual Studio Solution File, Format Version 12.00
# Visual Studio Version 17
VisualStudioVersion = 17.5.2.0
MinimumVisualStudioVersion = 10.0.40219.1
Project("{FAE04EC0-301F-11D3-BF4B-00C04F79EFBC}") = "03_Create_A_Superclass", "03_Create_A_Superclass.csproj", "{6632B203-F88B-B69E-EDAC-2D8DD8D26185}"
EndProject
Global
	GlobalSection(SolutionConfigurationPlatforms) = preSolution
		Debug|Any CPU = Debug|Any CPU
		Release|Any CPU = Release|Any CPU
	EndGlobalSection
	GlobalSection(ProjectConfigurationPlatforms) = postSolution
		{6632B203-F88B-B69E-EDAC-2D8DD8D26185}.Debug|Any CPU.ActiveCfg = Debug|Any CPU
		{6632B203-F88B-B69E-EDAC-2D8DD8D26185}.Debug|Any CPU.Build.0 = Debug|Any CPU
		{6632B203-F88B-B69E-EDAC-2D8DD8D26185}.Release|Any CPU.ActiveCfg = Release|Any CPU
		{6632B203-F88B-B69E-EDAC-2D8DD8D26185}.Release|Any CPU.Build.0 = Release|Any CPU
	EndGlobalSection
	GlobalSection(SolutionProperties) = preSolution
		HideSolutionNode = FALSE
	EndGlobalSection
	GlobalSection(ExtensibilityGlobals) = postSolution
		SolutionGuid = {56C4DFC9-34E4-44D1-A2D2-F6CD390D5919}
	EndGlobalSection
EndGlobal
