Microsoft Visual Studio Solution File, Format Version 12.00
# Visual Studio Version 17
VisualStudioVersion = 17.5.2.0
MinimumVisualStudioVersion = 10.0.40219.1
Project("{FAE04EC0-301F-11D3-BF4B-00C04F79EFBC}") = "6_Project_Cyber_Library_Management_System", "6_Project_Cyber_Library_Management_System.csproj", "{8ED91911-8550-2499-6C12-00B2D5DB4B8C}"
EndProject
Global
	GlobalSection(SolutionConfigurationPlatforms) = preSolution
		Debug|Any CPU = Debug|Any CPU
		Release|Any CPU = Release|Any CPU
	EndGlobalSection
	GlobalSection(ProjectConfigurationPlatforms) = postSolution
		{8ED91911-8550-2499-6C12-00B2D5DB4B8C}.Debug|Any CPU.ActiveCfg = Debug|Any CPU
		{8ED91911-8550-2499-6C12-00B2D5DB4B8C}.Debug|Any CPU.Build.0 = Debug|Any CPU
		{8ED91911-8550-2499-6C12-00B2D5DB4B8C}.Release|Any CPU.ActiveCfg = Release|Any CPU
		{8ED91911-8550-2499-6C12-00B2D5DB4B8C}.Release|Any CPU.Build.0 = Release|Any CPU
	EndGlobalSection
	GlobalSection(SolutionProperties) = preSolution
		HideSolutionNode = FALSE
	EndGlobalSection
	GlobalSection(ExtensibilityGlobals) = postSolution
		SolutionGuid = {8099B535-ACC3-42C4-9F09-8E4930132C9F}
	EndGlobalSection
EndGlobal
