Microsoft Visual Studio Solution File, Format Version 12.00
# Visual Studio Version 17
VisualStudioVersion = 17.5.2.0
MinimumVisualStudioVersion = 10.0.40219.1
Project("{FAE04EC0-301F-11D3-BF4B-00C04F79EFBC}") = "2_Defining_Classes", "2_Defining_Classes.csproj", "{F4CA93CA-0469-F17D-67A3-6F5AB133F778}"
EndProject
Global
	GlobalSection(SolutionConfigurationPlatforms) = preSolution
		Debug|Any CPU = Debug|Any CPU
		Release|Any CPU = Release|Any CPU
	EndGlobalSection
	GlobalSection(ProjectConfigurationPlatforms) = postSolution
		{F4CA93CA-0469-F17D-67A3-6F5AB133F778}.Debug|Any CPU.ActiveCfg = Debug|Any CPU
		{F4CA93CA-0469-F17D-67A3-6F5AB133F778}.Debug|Any CPU.Build.0 = Debug|Any CPU
		{F4CA93CA-0469-F17D-67A3-6F5AB133F778}.Release|Any CPU.ActiveCfg = Release|Any CPU
		{F4CA93CA-0469-F17D-67A3-6F5AB133F778}.Release|Any CPU.Build.0 = Release|Any CPU
	EndGlobalSection
	GlobalSection(SolutionProperties) = preSolution
		HideSolutionNode = FALSE
	EndGlobalSection
	GlobalSection(ExtensibilityGlobals) = postSolution
		SolutionGuid = {73FB62BE-62AA-4130-9B07-0D2E20FFE158}
	EndGlobalSection
EndGlobal
