Microsoft Visual Studio Solution File, Format Version 12.00
# Visual Studio Version 17
VisualStudioVersion = 17.5.2.0
MinimumVisualStudioVersion = 10.0.40219.1
Project("{FAE04EC0-301F-11D3-BF4B-00C04F79EFBC}") = "6_Project_Rover_Control_Center", "6_Project_Rover_Control_Center.csproj", "{742ABB21-9A29-1B1A-8D89-493DDB6EE148}"
EndProject
Global
	GlobalSection(SolutionConfigurationPlatforms) = preSolution
		Debug|Any CPU = Debug|Any CPU
		Release|Any CPU = Release|Any CPU
	EndGlobalSection
	GlobalSection(ProjectConfigurationPlatforms) = postSolution
		{742ABB21-9A29-1B1A-8D89-493DDB6EE148}.Debug|Any CPU.ActiveCfg = Debug|Any CPU
		{742ABB21-9A29-1B1A-8D89-493DDB6EE148}.Debug|Any CPU.Build.0 = Debug|Any CPU
		{742ABB21-9A29-1B1A-8D89-493DDB6EE148}.Release|Any CPU.ActiveCfg = Release|Any CPU
		{742ABB21-9A29-1B1A-8D89-493DDB6EE148}.Release|Any CPU.Build.0 = Release|Any CPU
	EndGlobalSection
	GlobalSection(SolutionProperties) = preSolution
		HideSolutionNode = FALSE
	EndGlobalSection
	GlobalSection(ExtensibilityGlobals) = postSolution
		SolutionGuid = {15A1C6C2-E288-43CA-8E42-6303D911DD05}
	EndGlobalSection
EndGlobal
