Microsoft Visual Studio Solution File, Format Version 12.00
# Visual Studio Version 17
VisualStudioVersion = 17.5.2.0
MinimumVisualStudioVersion = 10.0.40219.1
Project("{FAE04EC0-301F-11D3-BF4B-00C04F79EFBC}") = "5_Logical_Operators", "5_Logical_Operators.csproj", "{971B55B8-5435-FFB5-BE55-34915E7B10F4}"
EndProject
Global
	GlobalSection(SolutionConfigurationPlatforms) = preSolution
		Debug|Any CPU = Debug|Any CPU
		Release|Any CPU = Release|Any CPU
	EndGlobalSection
	GlobalSection(ProjectConfigurationPlatforms) = postSolution
		{971B55B8-5435-FFB5-BE55-34915E7B10F4}.Debug|Any CPU.ActiveCfg = Debug|Any CPU
		{971B55B8-5435-FFB5-BE55-34915E7B10F4}.Debug|Any CPU.Build.0 = Debug|Any CPU
		{971B55B8-5435-FFB5-BE55-34915E7B10F4}.Release|Any CPU.ActiveCfg = Release|Any CPU
		{971B55B8-5435-FFB5-BE55-34915E7B10F4}.Release|Any CPU.Build.0 = Release|Any CPU
	EndGlobalSection
	GlobalSection(SolutionProperties) = preSolution
		HideSolutionNode = FALSE
	EndGlobalSection
	GlobalSection(ExtensibilityGlobals) = postSolution
		SolutionGuid = {BE6ED01C-D9B2-41FB-9836-B84D910BC85B}
	EndGlobalSection
EndGlobal
