Microsoft Visual Studio Solution File, Format Version 12.00
# Visual Studio Version 17
VisualStudioVersion = 17.5.2.0
MinimumVisualStudioVersion = 10.0.40219.1
Project("{FAE04EC0-301F-11D3-BF4B-00C04F79EFBC}") = "9_Named_Arguments", "9_Named_Arguments.csproj", "{611446A8-933F-15B1-BD99-1B99679D5078}"
EndProject
Global
	GlobalSection(SolutionConfigurationPlatforms) = preSolution
		Debug|Any CPU = Debug|Any CPU
		Release|Any CPU = Release|Any CPU
	EndGlobalSection
	GlobalSection(ProjectConfigurationPlatforms) = postSolution
		{611446A8-933F-15B1-BD99-1B99679D5078}.Debug|Any CPU.ActiveCfg = Debug|Any CPU
		{611446A8-933F-15B1-BD99-1B99679D5078}.Debug|Any CPU.Build.0 = Debug|Any CPU
		{611446A8-933F-15B1-BD99-1B99679D5078}.Release|Any CPU.ActiveCfg = Release|Any CPU
		{611446A8-933F-15B1-BD99-1B99679D5078}.Release|Any CPU.Build.0 = Release|Any CPU
	EndGlobalSection
	GlobalSection(SolutionProperties) = preSolution
		HideSolutionNode = FALSE
	EndGlobalSection
	GlobalSection(ExtensibilityGlobals) = postSolution
		SolutionGuid = {0BD1258C-7B77-46AD-A095-E33F9212EA35}
	EndGlobalSection
EndGlobal
