Microsoft Visual Studio Solution File, Format Version 12.00
# Visual Studio Version 17
VisualStudioVersion = 17.5.2.0
MinimumVisualStudioVersion = 10.0.40219.1
Project("{FAE04EC0-301F-11D3-BF4B-00C04F79EFBC}") = "4_Method_Parameters", "4_Method_Parameters.csproj", "{E37095E1-F7A5-A00F-1CB7-D513B804A4B7}"
EndProject
Global
	GlobalSection(SolutionConfigurationPlatforms) = preSolution
		Debug|Any CPU = Debug|Any CPU
		Release|Any CPU = Release|Any CPU
	EndGlobalSection
	GlobalSection(ProjectConfigurationPlatforms) = postSolution
		{E37095E1-F7A5-A00F-1CB7-D513B804A4B7}.Debug|Any CPU.ActiveCfg = Debug|Any CPU
		{E37095E1-F7A5-A00F-1CB7-D513B804A4B7}.Debug|Any CPU.Build.0 = Debug|Any CPU
		{E37095E1-F7A5-A00F-1CB7-D513B804A4B7}.Release|Any CPU.ActiveCfg = Release|Any CPU
		{E37095E1-F7A5-A00F-1CB7-D513B804A4B7}.Release|Any CPU.Build.0 = Release|Any CPU
	EndGlobalSection
	GlobalSection(SolutionProperties) = preSolution
		HideSolutionNode = FALSE
	EndGlobalSection
	GlobalSection(ExtensibilityGlobals) = postSolution
		SolutionGuid = {2E1EE465-5A52-4CD6-902D-CAE858C6D39E}
	EndGlobalSection
EndGlobal
