Microsoft Visual Studio Solution File, Format Version 12.00
# Visual Studio Version 17
VisualStudioVersion = 17.5.2.0
MinimumVisualStudioVersion = 10.0.40219.1
Project("{FAE04EC0-301F-11D3-BF4B-00C04F79EFBC}") = "11_Review", "11_Review.csproj", "{2C26687B-EF9F-0AC7-85E6-C1388C9F0586}"
EndProject
Global
	GlobalSection(SolutionConfigurationPlatforms) = preSolution
		Debug|Any CPU = Debug|Any CPU
		Release|Any CPU = Release|Any CPU
	EndGlobalSection
	GlobalSection(ProjectConfigurationPlatforms) = postSolution
		{2C26687B-EF9F-0AC7-85E6-C1388C9F0586}.Debug|Any CPU.ActiveCfg = Debug|Any CPU
		{2C26687B-EF9F-0AC7-85E6-C1388C9F0586}.Debug|Any CPU.Build.0 = Debug|Any CPU
		{2C26687B-EF9F-0AC7-85E6-C1388C9F0586}.Release|Any CPU.ActiveCfg = Release|Any CPU
		{2C26687B-EF9F-0AC7-85E6-C1388C9F0586}.Release|Any CPU.Build.0 = Release|Any CPU
	EndGlobalSection
	GlobalSection(SolutionProperties) = preSolution
		HideSolutionNode = FALSE
	EndGlobalSection
	GlobalSection(ExtensibilityGlobals) = postSolution
		SolutionGuid = {119AB8D8-F98F-4C72-8487-F7E0C3F109AB}
	EndGlobalSection
EndGlobal
