Microsoft Visual Studio Solution File, Format Version 12.00
# Visual Studio Version 17
VisualStudioVersion = 17.5.2.0
MinimumVisualStudioVersion = 10.0.40219.1
Project("{FAE04EC0-301F-11D3-BF4B-00C04F79EFBC}") = "4_Comparison_Operators", "4_Comparison_Operators.csproj", "{B35DB128-2130-4B55-4EB9-5E20DB2177E9}"
EndProject
Global
	GlobalSection(SolutionConfigurationPlatforms) = preSolution
		Debug|Any CPU = Debug|Any CPU
		Release|Any CPU = Release|Any CPU
	EndGlobalSection
	GlobalSection(ProjectConfigurationPlatforms) = postSolution
		{B35DB128-2130-4B55-4EB9-5E20DB2177E9}.Debug|Any CPU.ActiveCfg = Debug|Any CPU
		{B35DB128-2130-4B55-4EB9-5E20DB2177E9}.Debug|Any CPU.Build.0 = Debug|Any CPU
		{B35DB128-2130-4B55-4EB9-5E20DB2177E9}.Release|Any CPU.ActiveCfg = Release|Any CPU
		{B35DB128-2130-4B55-4EB9-5E20DB2177E9}.Release|Any CPU.Build.0 = Release|Any CPU
	EndGlobalSection
	GlobalSection(SolutionProperties) = preSolution
		HideSolutionNode = FALSE
	EndGlobalSection
	GlobalSection(ExtensibilityGlobals) = postSolution
		SolutionGuid = {66C0C1F0-D0CE-4710-B143-9A263FF74CDE}
	EndGlobalSection
EndGlobal
