Microsoft Visual Studio Solution File, Format Version 12.00
# Visual Studio Version 17
VisualStudioVersion = 17.5.2.0
MinimumVisualStudioVersion = 10.0.40219.1
Project("{FAE04EC0-301F-11D3-BF4B-00C04F79EFBC}") = "2_Strings_Can_Act_Like_Values", "2_Strings_Can_Act_Like_Values.csproj", "{B1499D46-ADDD-EE12-3F39-2500F0272C6A}"
EndProject
Global
	GlobalSection(SolutionConfigurationPlatforms) = preSolution
		Debug|Any CPU = Debug|Any CPU
		Release|Any CPU = Release|Any CPU
	EndGlobalSection
	GlobalSection(ProjectConfigurationPlatforms) = postSolution
		{B1499D46-ADDD-EE12-3F39-2500F0272C6A}.Debug|Any CPU.ActiveCfg = Debug|Any CPU
		{B1499D46-ADDD-EE12-3F39-2500F0272C6A}.Debug|Any CPU.Build.0 = Debug|Any CPU
		{B1499D46-ADDD-EE12-3F39-2500F0272C6A}.Release|Any CPU.ActiveCfg = Release|Any CPU
		{B1499D46-ADDD-EE12-3F39-2500F0272C6A}.Release|Any CPU.Build.0 = Release|Any CPU
	EndGlobalSection
	GlobalSection(SolutionProperties) = preSolution
		HideSolutionNode = FALSE
	EndGlobalSection
	GlobalSection(ExtensibilityGlobals) = postSolution
		SolutionGuid = {671D491D-C9B8-4C91-8488-CB1B04D787DB}
	EndGlobalSection
EndGlobal
