Microsoft Visual Studio Solution File, Format Version 12.00
# Visual Studio Version 17
VisualStudioVersion = 17.5.2.0
MinimumVisualStudioVersion = 10.0.40219.1
Project("{FAE04EC0-301F-11D3-BF4B-00C04F79EFBC}") = "6_Built_In_Methods", "6_Built_In_Methods.csproj", "{271DABEB-6EBC-A746-F905-8D5D0BCBD492}"
EndProject
Global
	GlobalSection(SolutionConfigurationPlatforms) = preSolution
		Debug|Any CPU = Debug|Any CPU
		Release|Any CPU = Release|Any CPU
	EndGlobalSection
	GlobalSection(ProjectConfigurationPlatforms) = postSolution
		{271DABEB-6EBC-A746-F905-8D5D0BCBD492}.Debug|Any CPU.ActiveCfg = Debug|Any CPU
		{271DABEB-6EBC-A746-F905-8D5D0BCBD492}.Debug|Any CPU.Build.0 = Debug|Any CPU
		{271DABEB-6EBC-A746-F905-8D5D0BCBD492}.Release|Any CPU.ActiveCfg = Release|Any CPU
		{271DABEB-6EBC-A746-F905-8D5D0BCBD492}.Release|Any CPU.Build.0 = Release|Any CPU
	EndGlobalSection
	GlobalSection(SolutionProperties) = preSolution
		HideSolutionNode = FALSE
	EndGlobalSection
	GlobalSection(ExtensibilityGlobals) = postSolution
		SolutionGuid = {3EF02718-86E3-4DC3-A3BB-EAF68DB21130}
	EndGlobalSection
EndGlobal
