Microsoft Visual Studio Solution File, Format Version 12.00
# Visual Studio Version 17
VisualStudioVersion = 17.5.2.0
MinimumVisualStudioVersion = 10.0.40219.1
Project("{FAE04EC0-301F-11D3-BF4B-00C04F79EFBC}") = "3_Object_Initialization", "3_Object_Initialization.csproj", "{E66EC240-B7CC-5632-5EB6-71EFF82A002A}"
EndProject
Global
	GlobalSection(SolutionConfigurationPlatforms) = preSolution
		Debug|Any CPU = Debug|Any CPU
		Release|Any CPU = Release|Any CPU
	EndGlobalSection
	GlobalSection(ProjectConfigurationPlatforms) = postSolution
		{E66EC240-B7CC-5632-5EB6-71EFF82A002A}.Debug|Any CPU.ActiveCfg = Debug|Any CPU
		{E66EC240-B7CC-5632-5EB6-71EFF82A002A}.Debug|Any CPU.Build.0 = Debug|Any CPU
		{E66EC240-B7CC-5632-5EB6-71EFF82A002A}.Release|Any CPU.ActiveCfg = Release|Any CPU
		{E66EC240-B7CC-5632-5EB6-71EFF82A002A}.Release|Any CPU.Build.0 = Release|Any CPU
	EndGlobalSection
	GlobalSection(SolutionProperties) = preSolution
		HideSolutionNode = FALSE
	EndGlobalSection
	GlobalSection(ExtensibilityGlobals) = postSolution
		SolutionGuid = {B20E1246-26F1-466A-BBF6-E8B304DEC065}
	EndGlobalSection
EndGlobal
