Microsoft Visual Studio Solution File, Format Version 12.00
# Visual Studio Version 17
VisualStudioVersion = 17.5.2.0
MinimumVisualStudioVersion = 10.0.40219.1
Project("{FAE04EC0-301F-11D3-BF4B-00C04F79EFBC}") = "08_Polymorphism_And_Abstract_Classes", "08_Polymorphism_And_Abstract_Classes.csproj", "{1F07610D-D68D-3FAC-0AC0-A0EFB6A1DDB9}"
EndProject
Global
	GlobalSection(SolutionConfigurationPlatforms) = preSolution
		Debug|Any CPU = Debug|Any CPU
		Release|Any CPU = Release|Any CPU
	EndGlobalSection
	GlobalSection(ProjectConfigurationPlatforms) = postSolution
		{1F07610D-D68D-3FAC-0AC0-A0EFB6A1DDB9}.Debug|Any CPU.ActiveCfg = Debug|Any CPU
		{1F07610D-D68D-3FAC-0AC0-A0EFB6A1DDB9}.Debug|Any CPU.Build.0 = Debug|Any CPU
		{1F07610D-D68D-3FAC-0AC0-A0EFB6A1DDB9}.Release|Any CPU.ActiveCfg = Release|Any CPU
		{1F07610D-D68D-3FAC-0AC0-A0EFB6A1DDB9}.Release|Any CPU.Build.0 = Release|Any CPU
	EndGlobalSection
	GlobalSection(SolutionProperties) = preSolution
		HideSolutionNode = FALSE
	EndGlobalSection
	GlobalSection(ExtensibilityGlobals) = postSolution
		SolutionGuid = {A1E8C2BA-AA56-4445-BA4D-0E57AA9ABB21}
	EndGlobalSection
EndGlobal
