Microsoft Visual Studio Solution File, Format Version 12.00
# Visual Studio Version 17
VisualStudioVersion = 17.5.2.0
MinimumVisualStudioVersion = 10.0.40219.1
Project("{FAE04EC0-301F-11D3-BF4B-00C04F79EFBC}") = "10_Generic_Collections", "10_Generic_Collections.csproj", "{93D12466-E07D-3893-4BA2-CE607B1F9CA4}"
EndProject
Global
	GlobalSection(SolutionConfigurationPlatforms) = preSolution
		Debug|Any CPU = Debug|Any CPU
		Release|Any CPU = Release|Any CPU
	EndGlobalSection
	GlobalSection(ProjectConfigurationPlatforms) = postSolution
		{93D12466-E07D-3893-4BA2-CE607B1F9CA4}.Debug|Any CPU.ActiveCfg = Debug|Any CPU
		{93D12466-E07D-3893-4BA2-CE607B1F9CA4}.Debug|Any CPU.Build.0 = Debug|Any CPU
		{93D12466-E07D-3893-4BA2-CE607B1F9CA4}.Release|Any CPU.ActiveCfg = Release|Any CPU
		{93D12466-E07D-3893-4BA2-CE607B1F9CA4}.Release|Any CPU.Build.0 = Release|Any CPU
	EndGlobalSection
	GlobalSection(SolutionProperties) = preSolution
		HideSolutionNode = FALSE
	EndGlobalSection
	GlobalSection(ExtensibilityGlobals) = postSolution
		SolutionGuid = {703D6C20-C26D-4652-B9D8-4D08D4D33513}
	EndGlobalSection
EndGlobal
