Microsoft Visual Studio Solution File, Format Version 12.00
# Visual Studio Version 17
VisualStudioVersion = 17.5.2.0
MinimumVisualStudioVersion = 10.0.40219.1
Project("{FAE04EC0-301F-11D3-BF4B-00C04F79EFBC}") = "7_Project_Galactic_Travel_Agency", "7_Project_Galactic_Travel_Agency.csproj", "{B761153F-F1CC-D77C-4A4E-FEAC9153081B}"
EndProject
Global
	GlobalSection(SolutionConfigurationPlatforms) = preSolution
		Debug|Any CPU = Debug|Any CPU
		Release|Any CPU = Release|Any CPU
	EndGlobalSection
	GlobalSection(ProjectConfigurationPlatforms) = postSolution
		{B761153F-F1CC-D77C-4A4E-FEAC9153081B}.Debug|Any CPU.ActiveCfg = Debug|Any CPU
		{B761153F-F1CC-D77C-4A4E-FEAC9153081B}.Debug|Any CPU.Build.0 = Debug|Any CPU
		{B761153F-F1CC-D77C-4A4E-FEAC9153081B}.Release|Any CPU.ActiveCfg = Release|Any CPU
		{B761153F-F1CC-D77C-4A4E-FEAC9153081B}.Release|Any CPU.Build.0 = Release|Any CPU
	EndGlobalSection
	GlobalSection(SolutionProperties) = preSolution
		HideSolutionNode = FALSE
	EndGlobalSection
	GlobalSection(ExtensibilityGlobals) = postSolution
		SolutionGuid = {804084EA-BDBC-4B0E-8DA9-FD9A29F9CBCC}
	EndGlobalSection
EndGlobal
