Microsoft Visual Studio Solution File, Format Version 12.00
# Visual Studio Version 17
VisualStudioVersion = 17.5.2.0
MinimumVisualStudioVersion = 10.0.40219.1
Project("{FAE04EC0-301F-11D3-BF4B-00C04F79EFBC}") = "5_References_Of_Different_Types", "5_References_Of_Different_Types.csproj", "{261E3872-D4F3-015B-C380-584261E8037E}"
EndProject
Global
	GlobalSection(SolutionConfigurationPlatforms) = preSolution
		Debug|Any CPU = Debug|Any CPU
		Release|Any CPU = Release|Any CPU
	EndGlobalSection
	GlobalSection(ProjectConfigurationPlatforms) = postSolution
		{261E3872-D4F3-015B-C380-584261E8037E}.Debug|Any CPU.ActiveCfg = Debug|Any CPU
		{261E3872-D4F3-015B-C380-584261E8037E}.Debug|Any CPU.Build.0 = Debug|Any CPU
		{261E3872-D4F3-015B-C380-584261E8037E}.Release|Any CPU.ActiveCfg = Release|Any CPU
		{261E3872-D4F3-015B-C380-584261E8037E}.Release|Any CPU.Build.0 = Release|Any CPU
	EndGlobalSection
	GlobalSection(SolutionProperties) = preSolution
		HideSolutionNode = FALSE
	EndGlobalSection
	GlobalSection(ExtensibilityGlobals) = postSolution
		SolutionGuid = {FA390720-9813-4D5B-ACD2-DED478566296}
	EndGlobalSection
EndGlobal
