Microsoft Visual Studio Solution File, Format Version 12.00
# Visual Studio Version 17
VisualStudioVersion = 17.5.2.0
MinimumVisualStudioVersion = 10.0.40219.1
Project("{FAE04EC0-301F-11D3-BF4B-00C04F79EFBC}") = "8_Project_Space_Mission_Inventory", "8_Project_Space_Mission_Inventory.csproj", "{AA48E752-B2D2-D7A0-8B0B-933D432189EE}"
EndProject
Global
	GlobalSection(SolutionConfigurationPlatforms) = preSolution
		Debug|Any CPU = Debug|Any CPU
		Release|Any CPU = Release|Any CPU
	EndGlobalSection
	GlobalSection(ProjectConfigurationPlatforms) = postSolution
		{AA48E752-B2D2-D7A0-8B0B-933D432189EE}.Debug|Any CPU.ActiveCfg = Debug|Any CPU
		{AA48E752-B2D2-D7A0-8B0B-933D432189EE}.Debug|Any CPU.Build.0 = Debug|Any CPU
		{AA48E752-B2D2-D7A0-8B0B-933D432189EE}.Release|Any CPU.ActiveCfg = Release|Any CPU
		{AA48E752-B2D2-D7A0-8B0B-933D432189EE}.Release|Any CPU.Build.0 = Release|Any CPU
	EndGlobalSection
	GlobalSection(SolutionProperties) = preSolution
		HideSolutionNode = FALSE
	EndGlobalSection
	GlobalSection(ExtensibilityGlobals) = postSolution
		SolutionGuid = {1C548484-1454-4B2F-9B98-4F52037EC4BB}
	EndGlobalSection
EndGlobal
