Microsoft Visual Studio Solution File, Format Version 12.00
# Visual Studio Version 17
VisualStudioVersion = 17.5.2.0
MinimumVisualStudioVersion = 10.0.40219.1
Project("{FAE04EC0-301F-11D3-BF4B-00C04F79EFBC}") = "03_Implementing_An_Interface", "03_Implementing_An_Interface.csproj", "{A2BBA7B6-A777-30CB-08D3-F1AB14A31B64}"
EndProject
Global
	GlobalSection(SolutionConfigurationPlatforms) = preSolution
		Debug|Any CPU = Debug|Any CPU
		Release|Any CPU = Release|Any CPU
	EndGlobalSection
	GlobalSection(ProjectConfigurationPlatforms) = postSolution
		{A2BBA7B6-A777-30CB-08D3-F1AB14A31B64}.Debug|Any CPU.ActiveCfg = Debug|Any CPU
		{A2BBA7B6-A777-30CB-08D3-F1AB14A31B64}.Debug|Any CPU.Build.0 = Debug|Any CPU
		{A2BBA7B6-A777-30CB-08D3-F1AB14A31B64}.Release|Any CPU.ActiveCfg = Release|Any CPU
		{A2BBA7B6-A777-30CB-08D3-F1AB14A31B64}.Release|Any CPU.Build.0 = Release|Any CPU
	EndGlobalSection
	GlobalSection(SolutionProperties) = preSolution
		HideSolutionNode = FALSE
	EndGlobalSection
	GlobalSection(ExtensibilityGlobals) = postSolution
		SolutionGuid = {C4CA9CED-3D98-4E48-B074-FA3D48840892}
	EndGlobalSection
EndGlobal
