Microsoft Visual Studio Solution File, Format Version 12.00
# Visual Studio Version 17
VisualStudioVersion = 17.5.2.0
MinimumVisualStudioVersion = 10.0.40219.1
Project("{FAE04EC0-301F-11D3-BF4B-00C04F79EFBC}") = "3_If_Else_Statements", "3_If_Else_Statements.csproj", "{9837A45C-22EE-8FB3-C2F8-21D42E3D1D79}"
EndProject
Global
	GlobalSection(SolutionConfigurationPlatforms) = preSolution
		Debug|Any CPU = Debug|Any CPU
		Release|Any CPU = Release|Any CPU
	EndGlobalSection
	GlobalSection(ProjectConfigurationPlatforms) = postSolution
		{9837A45C-22EE-8FB3-C2F8-21D42E3D1D79}.Debug|Any CPU.ActiveCfg = Debug|Any CPU
		{9837A45C-22EE-8FB3-C2F8-21D42E3D1D79}.Debug|Any CPU.Build.0 = Debug|Any CPU
		{9837A45C-22EE-8FB3-C2F8-21D42E3D1D79}.Release|Any CPU.ActiveCfg = Release|Any CPU
		{9837A45C-22EE-8FB3-C2F8-21D42E3D1D79}.Release|Any CPU.Build.0 = Release|Any CPU
	EndGlobalSection
	GlobalSection(SolutionProperties) = preSolution
		HideSolutionNode = FALSE
	EndGlobalSection
	GlobalSection(ExtensibilityGlobals) = postSolution
		SolutionGuid = {78407908-7C8C-4ECE-8750-F9A300798B5C}
	EndGlobalSection
EndGlobal
