Microsoft Visual Studio Solution File, Format Version 12.00
# Visual Studio Version 17
VisualStudioVersion = 17.5.2.0
MinimumVisualStudioVersion = 10.0.40219.1
Project("{FAE04EC0-301F-11D3-BF4B-00C04F79EFBC}") = "7_Jump_Statement", "7_Jump_Statement.csproj", "{D508B15C-B436-6140-E8C5-750EFBB636FB}"
EndProject
Global
	GlobalSection(SolutionConfigurationPlatforms) = preSolution
		Debug|Any CPU = Debug|Any CPU
		Release|Any CPU = Release|Any CPU
	EndGlobalSection
	GlobalSection(ProjectConfigurationPlatforms) = postSolution
		{D508B15C-B436-6140-E8C5-750EFBB636FB}.Debug|Any CPU.ActiveCfg = Debug|Any CPU
		{D508B15C-B436-6140-E8C5-750EFBB636FB}.Debug|Any CPU.Build.0 = Debug|Any CPU
		{D508B15C-B436-6140-E8C5-750EFBB636FB}.Release|Any CPU.ActiveCfg = Release|Any CPU
		{D508B15C-B436-6140-E8C5-750EFBB636FB}.Release|Any CPU.Build.0 = Release|Any CPU
	EndGlobalSection
	GlobalSection(SolutionProperties) = preSolution
		HideSolutionNode = FALSE
	EndGlobalSection
	GlobalSection(ExtensibilityGlobals) = postSolution
		SolutionGuid = {F08A0C9D-6A36-4A66-84B0-0751D45209E6}
	EndGlobalSection
EndGlobal
