Microsoft Visual Studio Solution File, Format Version 12.00
# Visual Studio Version 17
VisualStudioVersion = 17.5.2.0
MinimumVisualStudioVersion = 10.0.40219.1
Project("{FAE04EC0-301F-11D3-BF4B-00C04F79EFBC}") = "5_Object_In_Plain_Sight", "5_Object_In_Plain_Sight.csproj", "{376276C2-A0BA-5017-EEE5-3BC1391C4995}"
EndProject
Global
	GlobalSection(SolutionConfigurationPlatforms) = preSolution
		Debug|Any CPU = Debug|Any CPU
		Release|Any CPU = Release|Any CPU
	EndGlobalSection
	GlobalSection(ProjectConfigurationPlatforms) = postSolution
		{376276C2-A0BA-5017-EEE5-3BC1391C4995}.Debug|Any CPU.ActiveCfg = Debug|Any CPU
		{376276C2-A0BA-5017-EEE5-3BC1391C4995}.Debug|Any CPU.Build.0 = Debug|Any CPU
		{376276C2-A0BA-5017-EEE5-3BC1391C4995}.Release|Any CPU.ActiveCfg = Release|Any CPU
		{376276C2-A0BA-5017-EEE5-3BC1391C4995}.Release|Any CPU.Build.0 = Release|Any CPU
	EndGlobalSection
	GlobalSection(SolutionProperties) = preSolution
		HideSolutionNode = FALSE
	EndGlobalSection
	GlobalSection(ExtensibilityGlobals) = postSolution
		SolutionGuid = {524451FD-356D-4963-B7BD-E4A4F668F8B2}
	EndGlobalSection
EndGlobal
