Microsoft Visual Studio Solution File, Format Version 12.00
# Visual Studio Version 17
VisualStudioVersion = 17.5.2.0
MinimumVisualStudioVersion = 10.0.40219.1
Project("{FAE04EC0-301F-11D3-BF4B-00C04F79EFBC}") = "6_Coverting_Data_Types", "6_Coverting_Data_Types.csproj", "{8D99786D-BFBA-9A63-4654-0EB5B0D664FD}"
EndProject
Global
	GlobalSection(SolutionConfigurationPlatforms) = preSolution
		Debug|Any CPU = Debug|Any CPU
		Release|Any CPU = Release|Any CPU
	EndGlobalSection
	GlobalSection(ProjectConfigurationPlatforms) = postSolution
		{8D99786D-BFBA-9A63-4654-0EB5B0D664FD}.Debug|Any CPU.ActiveCfg = Debug|Any CPU
		{8D99786D-BFBA-9A63-4654-0EB5B0D664FD}.Debug|Any CPU.Build.0 = Debug|Any CPU
		{8D99786D-BFBA-9A63-4654-0EB5B0D664FD}.Release|Any CPU.ActiveCfg = Release|Any CPU
		{8D99786D-BFBA-9A63-4654-0EB5B0D664FD}.Release|Any CPU.Build.0 = Release|Any CPU
	EndGlobalSection
	GlobalSection(SolutionProperties) = preSolution
		HideSolutionNode = FALSE
	EndGlobalSection
	GlobalSection(ExtensibilityGlobals) = postSolution
		SolutionGuid = {3187E48F-7633-4085-B25B-A0B94B327B41}
	EndGlobalSection
EndGlobal
