Microsoft Visual Studio Solution File, Format Version 12.00
# Visual Studio Version 17
VisualStudioVersion = 17.5.2.0
MinimumVisualStudioVersion = 10.0.40219.1
Project("{FAE04EC0-301F-11D3-BF4B-00C04F79EFBC}") = "05_Basic_Quary_Syntax", "05_Basic_Quary_Syntax.csproj", "{E86B8E7E-BF3A-B4FB-0DD0-173210F37A9F}"
EndProject
Global
	GlobalSection(SolutionConfigurationPlatforms) = preSolution
		Debug|Any CPU = Debug|Any CPU
		Release|Any CPU = Release|Any CPU
	EndGlobalSection
	GlobalSection(ProjectConfigurationPlatforms) = postSolution
		{E86B8E7E-BF3A-B4FB-0DD0-173210F37A9F}.Debug|Any CPU.ActiveCfg = Debug|Any CPU
		{E86B8E7E-BF3A-B4FB-0DD0-173210F37A9F}.Debug|Any CPU.Build.0 = Debug|Any CPU
		{E86B8E7E-BF3A-B4FB-0DD0-173210F37A9F}.Release|Any CPU.ActiveCfg = Release|Any CPU
		{E86B8E7E-BF3A-B4FB-0DD0-173210F37A9F}.Release|Any CPU.Build.0 = Release|Any CPU
	EndGlobalSection
	GlobalSection(SolutionProperties) = preSolution
		HideSolutionNode = FALSE
	EndGlobalSection
	GlobalSection(ExtensibilityGlobals) = postSolution
		SolutionGuid = {439A6F97-CD9C-482F-80E4-0CAA29C26665}
	EndGlobalSection
EndGlobal
