Microsoft Visual Studio Solution File, Format Version 12.00
# Visual Studio Version 17
VisualStudioVersion = 17.5.2.0
MinimumVisualStudioVersion = 10.0.40219.1
Project("{FAE04EC0-301F-11D3-BF4B-00C04F79EFBC}") = "07_Basic_Method_Syntax_Select", "07_Basic_Method_Syntax_Select.csproj", "{38D11213-2369-4126-3CCD-0C872E3E0001}"
EndProject
Global
	GlobalSection(SolutionConfigurationPlatforms) = preSolution
		Debug|Any CPU = Debug|Any CPU
		Release|Any CPU = Release|Any CPU
	EndGlobalSection
	GlobalSection(ProjectConfigurationPlatforms) = postSolution
		{38D11213-2369-4126-3CCD-0C872E3E0001}.Debug|Any CPU.ActiveCfg = Debug|Any CPU
		{38D11213-2369-4126-3CCD-0C872E3E0001}.Debug|Any CPU.Build.0 = Debug|Any CPU
		{38D11213-2369-4126-3CCD-0C872E3E0001}.Release|Any CPU.ActiveCfg = Release|Any CPU
		{38D11213-2369-4126-3CCD-0C872E3E0001}.Release|Any CPU.Build.0 = Release|Any CPU
	EndGlobalSection
	GlobalSection(SolutionProperties) = preSolution
		HideSolutionNode = FALSE
	EndGlobalSection
	GlobalSection(ExtensibilityGlobals) = postSolution
		SolutionGuid = {D7EEE800-5B05-4693-9405-5BE57701B835}
	EndGlobalSection
EndGlobal
