Microsoft Visual Studio Solution File, Format Version 12.00
# Visual Studio Version 17
VisualStudioVersion = 17.5.2.0
MinimumVisualStudioVersion = 10.0.40219.1
Project("{FAE04EC0-301F-11D3-BF4B-00C04F79EFBC}") = "5_For_Each_Loop", "5_For_Each_Loop.csproj", "{164B0E4A-22E8-EE81-011F-9AF8933E88E7}"
EndProject
Global
	GlobalSection(SolutionConfigurationPlatforms) = preSolution
		Debug|Any CPU = Debug|Any CPU
		Release|Any CPU = Release|Any CPU
	EndGlobalSection
	GlobalSection(ProjectConfigurationPlatforms) = postSolution
		{164B0E4A-22E8-EE81-011F-9AF8933E88E7}.Debug|Any CPU.ActiveCfg = Debug|Any CPU
		{164B0E4A-22E8-EE81-011F-9AF8933E88E7}.Debug|Any CPU.Build.0 = Debug|Any CPU
		{164B0E4A-22E8-EE81-011F-9AF8933E88E7}.Release|Any CPU.ActiveCfg = Release|Any CPU
		{164B0E4A-22E8-EE81-011F-9AF8933E88E7}.Release|Any CPU.Build.0 = Release|Any CPU
	EndGlobalSection
	GlobalSection(SolutionProperties) = preSolution
		HideSolutionNode = FALSE
	EndGlobalSection
	GlobalSection(ExtensibilityGlobals) = postSolution
		SolutionGuid = {0441FE2E-1DF6-4FC3-909E-AABE5D767CC4}
	EndGlobalSection
EndGlobal
