Microsoft Visual Studio Solution File, Format Version 12.00
# Visual Studio Version 17
VisualStudioVersion = 17.5.2.0
MinimumVisualStudioVersion = 10.0.40219.1
Project("{FAE04EC0-301F-11D3-BF4B-00C04F79EFBC}") = "04_Using_Interfaces_AndInheritance", "04_Using_Interfaces_AndInheritance.csproj", "{6480CE99-D534-6BF1-6E4A-D120F2CBCF6A}"
EndProject
Global
	GlobalSection(SolutionConfigurationPlatforms) = preSolution
		Debug|Any CPU = Debug|Any CPU
		Release|Any CPU = Release|Any CPU
	EndGlobalSection
	GlobalSection(ProjectConfigurationPlatforms) = postSolution
		{6480CE99-D534-6BF1-6E4A-D120F2CBCF6A}.Debug|Any CPU.ActiveCfg = Debug|Any CPU
		{6480CE99-D534-6BF1-6E4A-D120F2CBCF6A}.Debug|Any CPU.Build.0 = Debug|Any CPU
		{6480CE99-D534-6BF1-6E4A-D120F2CBCF6A}.Release|Any CPU.ActiveCfg = Release|Any CPU
		{6480CE99-D534-6BF1-6E4A-D120F2CBCF6A}.Release|Any CPU.Build.0 = Release|Any CPU
	EndGlobalSection
	GlobalSection(SolutionProperties) = preSolution
		HideSolutionNode = FALSE
	EndGlobalSection
	GlobalSection(ExtensibilityGlobals) = postSolution
		SolutionGuid = {A514BD2D-C730-4502-9507-9CF51E4387AD}
	EndGlobalSection
EndGlobal
