Microsoft Visual Studio Solution File, Format Version 12.00
# Visual Studio Version 17
VisualStudioVersion = 17.5.2.0
MinimumVisualStudioVersion = 10.0.40219.1
Project("{FAE04EC0-301F-11D3-BF4B-00C04F79EFBC}") = "01_Introduction_To_LINQ", "01_Introduction_To_LINQ.csproj", "{47682DBB-D951-F216-402F-7295F43E62EC}"
EndProject
Global
	GlobalSection(SolutionConfigurationPlatforms) = preSolution
		Debug|Any CPU = Debug|Any CPU
		Release|Any CPU = Release|Any CPU
	EndGlobalSection
	GlobalSection(ProjectConfigurationPlatforms) = postSolution
		{47682DBB-D951-F216-402F-7295F43E62EC}.Debug|Any CPU.ActiveCfg = Debug|Any CPU
		{47682DBB-D951-F216-402F-7295F43E62EC}.Debug|Any CPU.Build.0 = Debug|Any CPU
		{47682DBB-D951-F216-402F-7295F43E62EC}.Release|Any CPU.ActiveCfg = Release|Any CPU
		{47682DBB-D951-F216-402F-7295F43E62EC}.Release|Any CPU.Build.0 = Release|Any CPU
	EndGlobalSection
	GlobalSection(SolutionProperties) = preSolution
		HideSolutionNode = FALSE
	EndGlobalSection
	GlobalSection(ExtensibilityGlobals) = postSolution
		SolutionGuid = {7FE2D87E-05EC-4818-9005-542F41230B8D}
	EndGlobalSection
EndGlobal
