Microsoft Visual Studio Solution File, Format Version 12.00
# Visual Studio Version 17
VisualStudioVersion = 17.5.2.0
MinimumVisualStudioVersion = 10.0.40219.1
Project("{FAE04EC0-301F-11D3-BF4B-00C04F79EFBC}") = "8_Accessing_Out_Of_Bounds", "8_Accessing_Out_Of_Bounds.csproj", "{551D45B9-1B89-66F5-6AC3-BDF25F8D96CD}"
EndProject
Global
	GlobalSection(SolutionConfigurationPlatforms) = preSolution
		Debug|Any CPU = Debug|Any CPU
		Release|Any CPU = Release|Any CPU
	EndGlobalSection
	GlobalSection(ProjectConfigurationPlatforms) = postSolution
		{551D45B9-1B89-66F5-6AC3-BDF25F8D96CD}.Debug|Any CPU.ActiveCfg = Debug|Any CPU
		{551D45B9-1B89-66F5-6AC3-BDF25F8D96CD}.Debug|Any CPU.Build.0 = Debug|Any CPU
		{551D45B9-1B89-66F5-6AC3-BDF25F8D96CD}.Release|Any CPU.ActiveCfg = Release|Any CPU
		{551D45B9-1B89-66F5-6AC3-BDF25F8D96CD}.Release|Any CPU.Build.0 = Release|Any CPU
	EndGlobalSection
	GlobalSection(SolutionProperties) = preSolution
		HideSolutionNode = FALSE
	EndGlobalSection
	GlobalSection(ExtensibilityGlobals) = postSolution
		SolutionGuid = {FAF699FB-1390-426B-B4BD-02C3B472D036}
	EndGlobalSection
EndGlobal
