Microsoft Visual Studio Solution File, Format Version 12.00
# Visual Studio Version 17
VisualStudioVersion = 17.5.2.0
MinimumVisualStudioVersion = 10.0.40219.1
Project("{FAE04EC0-301F-11D3-BF4B-00C04F79EFBC}") = "7_Review", "7_Review.csproj", "{BE2C901D-5432-B816-0D55-C0C3C806A76E}"
EndProject
Global
	GlobalSection(SolutionConfigurationPlatforms) = preSolution
		Debug|Any CPU = Debug|Any CPU
		Release|Any CPU = Release|Any CPU
	EndGlobalSection
	GlobalSection(ProjectConfigurationPlatforms) = postSolution
		{BE2C901D-5432-B816-0D55-C0C3C806A76E}.Debug|Any CPU.ActiveCfg = Debug|Any CPU
		{BE2C901D-5432-B816-0D55-C0C3C806A76E}.Debug|Any CPU.Build.0 = Debug|Any CPU
		{BE2C901D-5432-B816-0D55-C0C3C806A76E}.Release|Any CPU.ActiveCfg = Release|Any CPU
		{BE2C901D-5432-B816-0D55-C0C3C806A76E}.Release|Any CPU.Build.0 = Release|Any CPU
	EndGlobalSection
	GlobalSection(SolutionProperties) = preSolution
		HideSolutionNode = FALSE
	EndGlobalSection
	GlobalSection(ExtensibilityGlobals) = postSolution
		SolutionGuid = {471BFC7C-746F-44F6-9CE0-FF461FCBB28A}
	EndGlobalSection
EndGlobal
